
Microsoft Visual Studio Solution File, Format Version 12.00
# Visual Studio 15
VisualStudioVersion = 15.0.26730.16
MinimumVisualStudioVersion = 10.0.40219.1
Project("{2150E333-8FDC-42A3-9474-1A3956D46DE8}") = "src", "src", "{4FA288D4-0038-4B47-A325-C00E6E4A57BB}"
EndProject
Project("{2150E333-8FDC-42A3-9474-1A3956D46DE8}") = "test", "test", "{4244FA01-37F7-4603-9F85-D5AA5B7EA33C}"
EndProject
Project("{2150E333-8FDC-42A3-9474-1A3956D46DE8}") = "services", "services", "{381ABB48-3AB7-4808-A965-669B6031A31A}"
EndProject
Project("{9A19103F-16F7-4668-BE54-9A1E7A4F7556}") = "sts", "sts\sts.csproj", "{A24D8940-007F-4D2F-9B9F-45E63F107F6D}"
EndProject
Project("{E53339B2-1760-4266-BCC7-CA923CBCF16C}") = "docker-compose", "docker-compose.dcproj", "{AB5134C0-EF65-45C7-8B63-9FF99096CD71}"
EndProject
Project("{2150E333-8FDC-42A3-9474-1A3956D46DE8}") = "IdentityServer", "IdentityServer", "{A0730577-1EA7-4613-BD7D-EEDC0562AA69}"
EndProject
Project("{9A19103F-16F7-4668-BE54-9A1E7A4F7556}") = "id-sts", "id-sts\id-sts.csproj", "{32292D5A-E2D2-4FAE-84F2-779B35891C0D}"
EndProject
Project("{9A19103F-16F7-4668-BE54-9A1E7A4F7556}") = "api", "api\api.csproj", "{0CD320B4-0EFE-4288-BEA3-84683318D1E4}"
EndProject
Project("{9A19103F-16F7-4668-BE54-9A1E7A4F7556}") = "client", "client\client.csproj", "{1071CBCE-09D0-420C-A615-693A90BEE6BF}"
EndProject
Project("{9A19103F-16F7-4668-BE54-9A1E7A4F7556}") = "accounts", "accounts\accounts.csproj", "{9B2C6914-98A6-424D-9F69-C2B105F052DD}"
EndProject
Project("{9A19103F-16F7-4668-BE54-9A1E7A4F7556}") = "ro.client", "..\ro.client\ro.client.csproj", "{B8192A51-2260-420A-87D3-2FAFFD15C93D}"
EndProject
Project("{9A19103F-16F7-4668-BE54-9A1E7A4F7556}") = "mvc-test", "..\mvc-test\mvc-test.csproj", "{0C7E5A4C-95FD-47C0-BE2A-6787716E9DBD}"
EndProject
Project("{9A19103F-16F7-4668-BE54-9A1E7A4F7556}") = "MvcClient", "..\MvcClient\MvcClient.csproj", "{81BB5DE6-2013-4264-AA94-A8020CB111B5}"
EndProject
Project("{2150E333-8FDC-42A3-9474-1A3956D46DE8}") = "poc", "poc", "{5C871384-D422-4638-8FEC-61C3CC21B3B6}"
EndProject
Project("{9A19103F-16F7-4668-BE54-9A1E7A4F7556}") = "Axerrio.Identity.Accounts", "..\Axerrio.Identity.Accounts\Axerrio.Identity.Accounts.csproj", "{4F28F818-E8D5-4808-BC6B-A158DE195456}"
EndProject
Project("{9A19103F-16F7-4668-BE54-9A1E7A4F7556}") = "Axerrio.Identity.API", "..\Axerrio.Identity.API\Axerrio.Identity.API.csproj", "{D28DF644-52CA-49E2-B376-BC4D6E057263}"
EndProject
Project("{9A19103F-16F7-4668-BE54-9A1E7A4F7556}") = "Axerrio.IWebHostExtensions", "Axerrio.IWebHostExtensions\Axerrio.IWebHostExtensions.csproj", "{389A77C8-B6E9-4F81-B860-8B4D058701F3}"
EndProject
Project("{9A19103F-16F7-4668-BE54-9A1E7A4F7556}") = "Axerrio.Client.MVC", "Axerrio.Client.MVC\Axerrio.Client.MVC.csproj", "{3A902307-0367-4178-905D-F8AD0A035548}"
EndProject
Project("{9A19103F-16F7-4668-BE54-9A1E7A4F7556}") = "Axerrio.HttpClientExtensions", "..\Axerrio.HttpClient\Axerrio.HttpClientExtensions.csproj", "{2B765208-7E4D-4471-B3E5-B43C1BE5545C}"
EndProject
Project("{9A19103F-16F7-4668-BE54-9A1E7A4F7556}") = "Axerrio.Client.Xamarin", "..\Axerrio.Client.Xamarin\Axerrio.Client.Xamarin.csproj", "{F7A6C880-6BFA-4350-BAE9-0B1BCED346E9}"
EndProject
Project("{FAE04EC0-301F-11D3-BF4B-00C04F79EFBC}") = "Axerrio.WebApi", "..\Axerrio.WebApi\Axerrio.WebApi.csproj", "{A41CA1FA-B0BA-4955-B7C8-EEC8CF56D263}"
EndProject
Project("{2150E333-8FDC-42A3-9474-1A3956D46DE8}") = "ddd", "ddd", "{DC066705-901F-4CC0-AE3E-1C32A3518654}"
EndProject
Project("{FAE04EC0-301F-11D3-BF4B-00C04F79EFBC}") = "Axerrio.DDD.BuildingBlocks", "ddd\Axerrio.DDD.BuildingBlocks\Axerrio.DDD.BuildingBlocks.csproj", "{609BAEFE-0833-4182-B276-C65D58128EA9}"
EndProject
Project("{FAE04EC0-301F-11D3-BF4B-00C04F79EFBC}") = "Axerrio.DDD.Ordering", "Axerrio.DDD.Ordering\Axerrio.DDD.Ordering.csproj", "{2F678ED0-E3E9-46DC-BDA1-6AF373FB492A}"
EndProject
Global
	GlobalSection(SolutionConfigurationPlatforms) = preSolution
		Debug|Any CPU = Debug|Any CPU
		Release|Any CPU = Release|Any CPU
	EndGlobalSection
	GlobalSection(ProjectConfigurationPlatforms) = postSolution
		{A24D8940-007F-4D2F-9B9F-45E63F107F6D}.Debug|Any CPU.ActiveCfg = Debug|Any CPU
		{A24D8940-007F-4D2F-9B9F-45E63F107F6D}.Debug|Any CPU.Build.0 = Debug|Any CPU
		{A24D8940-007F-4D2F-9B9F-45E63F107F6D}.Release|Any CPU.ActiveCfg = Release|Any CPU
		{A24D8940-007F-4D2F-9B9F-45E63F107F6D}.Release|Any CPU.Build.0 = Release|Any CPU
		{AB5134C0-EF65-45C7-8B63-9FF99096CD71}.Debug|Any CPU.ActiveCfg = Debug|Any CPU
		{AB5134C0-EF65-45C7-8B63-9FF99096CD71}.Debug|Any CPU.Build.0 = Debug|Any CPU
		{AB5134C0-EF65-45C7-8B63-9FF99096CD71}.Release|Any CPU.ActiveCfg = Release|Any CPU
		{AB5134C0-EF65-45C7-8B63-9FF99096CD71}.Release|Any CPU.Build.0 = Release|Any CPU
		{32292D5A-E2D2-4FAE-84F2-779B35891C0D}.Debug|Any CPU.ActiveCfg = Debug|Any CPU
		{32292D5A-E2D2-4FAE-84F2-779B35891C0D}.Debug|Any CPU.Build.0 = Debug|Any CPU
		{32292D5A-E2D2-4FAE-84F2-779B35891C0D}.Release|Any CPU.ActiveCfg = Release|Any CPU
		{32292D5A-E2D2-4FAE-84F2-779B35891C0D}.Release|Any CPU.Build.0 = Release|Any CPU
		{0CD320B4-0EFE-4288-BEA3-84683318D1E4}.Debug|Any CPU.ActiveCfg = Debug|Any CPU
		{0CD320B4-0EFE-4288-BEA3-84683318D1E4}.Debug|Any CPU.Build.0 = Debug|Any CPU
		{0CD320B4-0EFE-4288-BEA3-84683318D1E4}.Release|Any CPU.ActiveCfg = Release|Any CPU
		{0CD320B4-0EFE-4288-BEA3-84683318D1E4}.Release|Any CPU.Build.0 = Release|Any CPU
		{1071CBCE-09D0-420C-A615-693A90BEE6BF}.Debug|Any CPU.ActiveCfg = Debug|Any CPU
		{1071CBCE-09D0-420C-A615-693A90BEE6BF}.Debug|Any CPU.Build.0 = Debug|Any CPU
		{1071CBCE-09D0-420C-A615-693A90BEE6BF}.Release|Any CPU.ActiveCfg = Release|Any CPU
		{1071CBCE-09D0-420C-A615-693A90BEE6BF}.Release|Any CPU.Build.0 = Release|Any CPU
		{9B2C6914-98A6-424D-9F69-C2B105F052DD}.Debug|Any CPU.ActiveCfg = Debug|Any CPU
		{9B2C6914-98A6-424D-9F69-C2B105F052DD}.Debug|Any CPU.Build.0 = Debug|Any CPU
		{9B2C6914-98A6-424D-9F69-C2B105F052DD}.Release|Any CPU.ActiveCfg = Release|Any CPU
		{9B2C6914-98A6-424D-9F69-C2B105F052DD}.Release|Any CPU.Build.0 = Release|Any CPU
		{B8192A51-2260-420A-87D3-2FAFFD15C93D}.Debug|Any CPU.ActiveCfg = Debug|Any CPU
		{B8192A51-2260-420A-87D3-2FAFFD15C93D}.Debug|Any CPU.Build.0 = Debug|Any CPU
		{B8192A51-2260-420A-87D3-2FAFFD15C93D}.Release|Any CPU.ActiveCfg = Release|Any CPU
		{B8192A51-2260-420A-87D3-2FAFFD15C93D}.Release|Any CPU.Build.0 = Release|Any CPU
		{0C7E5A4C-95FD-47C0-BE2A-6787716E9DBD}.Debug|Any CPU.ActiveCfg = Debug|Any CPU
		{0C7E5A4C-95FD-47C0-BE2A-6787716E9DBD}.Debug|Any CPU.Build.0 = Debug|Any CPU
		{0C7E5A4C-95FD-47C0-BE2A-6787716E9DBD}.Release|Any CPU.ActiveCfg = Release|Any CPU
		{0C7E5A4C-95FD-47C0-BE2A-6787716E9DBD}.Release|Any CPU.Build.0 = Release|Any CPU
		{81BB5DE6-2013-4264-AA94-A8020CB111B5}.Debug|Any CPU.ActiveCfg = Debug|Any CPU
		{81BB5DE6-2013-4264-AA94-A8020CB111B5}.Debug|Any CPU.Build.0 = Debug|Any CPU
		{81BB5DE6-2013-4264-AA94-A8020CB111B5}.Release|Any CPU.ActiveCfg = Release|Any CPU
		{81BB5DE6-2013-4264-AA94-A8020CB111B5}.Release|Any CPU.Build.0 = Release|Any CPU
		{4F28F818-E8D5-4808-BC6B-A158DE195456}.Debug|Any CPU.ActiveCfg = Debug|Any CPU
		{4F28F818-E8D5-4808-BC6B-A158DE195456}.Debug|Any CPU.Build.0 = Debug|Any CPU
		{4F28F818-E8D5-4808-BC6B-A158DE195456}.Release|Any CPU.ActiveCfg = Release|Any CPU
		{4F28F818-E8D5-4808-BC6B-A158DE195456}.Release|Any CPU.Build.0 = Release|Any CPU
		{D28DF644-52CA-49E2-B376-BC4D6E057263}.Debug|Any CPU.ActiveCfg = Debug|Any CPU
		{D28DF644-52CA-49E2-B376-BC4D6E057263}.Debug|Any CPU.Build.0 = Debug|Any CPU
		{D28DF644-52CA-49E2-B376-BC4D6E057263}.Release|Any CPU.ActiveCfg = Release|Any CPU
		{D28DF644-52CA-49E2-B376-BC4D6E057263}.Release|Any CPU.Build.0 = Release|Any CPU
		{389A77C8-B6E9-4F81-B860-8B4D058701F3}.Debug|Any CPU.ActiveCfg = Debug|Any CPU
		{389A77C8-B6E9-4F81-B860-8B4D058701F3}.Debug|Any CPU.Build.0 = Debug|Any CPU
		{389A77C8-B6E9-4F81-B860-8B4D058701F3}.Release|Any CPU.ActiveCfg = Release|Any CPU
		{389A77C8-B6E9-4F81-B860-8B4D058701F3}.Release|Any CPU.Build.0 = Release|Any CPU
		{3A902307-0367-4178-905D-F8AD0A035548}.Debug|Any CPU.ActiveCfg = Debug|Any CPU
		{3A902307-0367-4178-905D-F8AD0A035548}.Debug|Any CPU.Build.0 = Debug|Any CPU
		{3A902307-0367-4178-905D-F8AD0A035548}.Release|Any CPU.ActiveCfg = Release|Any CPU
		{3A902307-0367-4178-905D-F8AD0A035548}.Release|Any CPU.Build.0 = Release|Any CPU
		{2B765208-7E4D-4471-B3E5-B43C1BE5545C}.Debug|Any CPU.ActiveCfg = Debug|Any CPU
		{2B765208-7E4D-4471-B3E5-B43C1BE5545C}.Debug|Any CPU.Build.0 = Debug|Any CPU
		{2B765208-7E4D-4471-B3E5-B43C1BE5545C}.Release|Any CPU.ActiveCfg = Release|Any CPU
		{2B765208-7E4D-4471-B3E5-B43C1BE5545C}.Release|Any CPU.Build.0 = Release|Any CPU
		{F7A6C880-6BFA-4350-BAE9-0B1BCED346E9}.Debug|Any CPU.ActiveCfg = Debug|Any CPU
		{F7A6C880-6BFA-4350-BAE9-0B1BCED346E9}.Debug|Any CPU.Build.0 = Debug|Any CPU
		{F7A6C880-6BFA-4350-BAE9-0B1BCED346E9}.Release|Any CPU.ActiveCfg = Release|Any CPU
		{F7A6C880-6BFA-4350-BAE9-0B1BCED346E9}.Release|Any CPU.Build.0 = Release|Any CPU
		{A41CA1FA-B0BA-4955-B7C8-EEC8CF56D263}.Debug|Any CPU.ActiveCfg = Debug|Any CPU
		{A41CA1FA-B0BA-4955-B7C8-EEC8CF56D263}.Debug|Any CPU.Build.0 = Debug|Any CPU
		{A41CA1FA-B0BA-4955-B7C8-EEC8CF56D263}.Release|Any CPU.ActiveCfg = Release|Any CPU
		{A41CA1FA-B0BA-4955-B7C8-EEC8CF56D263}.Release|Any CPU.Build.0 = Release|Any CPU
		{609BAEFE-0833-4182-B276-C65D58128EA9}.Debug|Any CPU.ActiveCfg = Debug|Any CPU
		{609BAEFE-0833-4182-B276-C65D58128EA9}.Debug|Any CPU.Build.0 = Debug|Any CPU
		{609BAEFE-0833-4182-B276-C65D58128EA9}.Release|Any CPU.ActiveCfg = Release|Any CPU
		{609BAEFE-0833-4182-B276-C65D58128EA9}.Release|Any CPU.Build.0 = Release|Any CPU
		{2F678ED0-E3E9-46DC-BDA1-6AF373FB492A}.Debug|Any CPU.ActiveCfg = Debug|Any CPU
		{2F678ED0-E3E9-46DC-BDA1-6AF373FB492A}.Debug|Any CPU.Build.0 = Debug|Any CPU
		{2F678ED0-E3E9-46DC-BDA1-6AF373FB492A}.Release|Any CPU.ActiveCfg = Release|Any CPU
		{2F678ED0-E3E9-46DC-BDA1-6AF373FB492A}.Release|Any CPU.Build.0 = Release|Any CPU
	EndGlobalSection
	GlobalSection(SolutionProperties) = preSolution
		HideSolutionNode = FALSE
	EndGlobalSection
	GlobalSection(NestedProjects) = preSolution
		{381ABB48-3AB7-4808-A965-669B6031A31A} = {4FA288D4-0038-4B47-A325-C00E6E4A57BB}
		{A24D8940-007F-4D2F-9B9F-45E63F107F6D} = {381ABB48-3AB7-4808-A965-669B6031A31A}
		{A0730577-1EA7-4613-BD7D-EEDC0562AA69} = {381ABB48-3AB7-4808-A965-669B6031A31A}
		{32292D5A-E2D2-4FAE-84F2-779B35891C0D} = {A0730577-1EA7-4613-BD7D-EEDC0562AA69}
		{0CD320B4-0EFE-4288-BEA3-84683318D1E4} = {A0730577-1EA7-4613-BD7D-EEDC0562AA69}
		{1071CBCE-09D0-420C-A615-693A90BEE6BF} = {A0730577-1EA7-4613-BD7D-EEDC0562AA69}
		{9B2C6914-98A6-424D-9F69-C2B105F052DD} = {A0730577-1EA7-4613-BD7D-EEDC0562AA69}
		{B8192A51-2260-420A-87D3-2FAFFD15C93D} = {A0730577-1EA7-4613-BD7D-EEDC0562AA69}
		{0C7E5A4C-95FD-47C0-BE2A-6787716E9DBD} = {381ABB48-3AB7-4808-A965-669B6031A31A}
		{81BB5DE6-2013-4264-AA94-A8020CB111B5} = {381ABB48-3AB7-4808-A965-669B6031A31A}
		{5C871384-D422-4638-8FEC-61C3CC21B3B6} = {4FA288D4-0038-4B47-A325-C00E6E4A57BB}
		{4F28F818-E8D5-4808-BC6B-A158DE195456} = {5C871384-D422-4638-8FEC-61C3CC21B3B6}
		{D28DF644-52CA-49E2-B376-BC4D6E057263} = {5C871384-D422-4638-8FEC-61C3CC21B3B6}
		{389A77C8-B6E9-4F81-B860-8B4D058701F3} = {5C871384-D422-4638-8FEC-61C3CC21B3B6}
		{3A902307-0367-4178-905D-F8AD0A035548} = {5C871384-D422-4638-8FEC-61C3CC21B3B6}
		{2B765208-7E4D-4471-B3E5-B43C1BE5545C} = {5C871384-D422-4638-8FEC-61C3CC21B3B6}
		{F7A6C880-6BFA-4350-BAE9-0B1BCED346E9} = {5C871384-D422-4638-8FEC-61C3CC21B3B6}
		{A41CA1FA-B0BA-4955-B7C8-EEC8CF56D263} = {5C871384-D422-4638-8FEC-61C3CC21B3B6}
		{DC066705-901F-4CC0-AE3E-1C32A3518654} = {4FA288D4-0038-4B47-A325-C00E6E4A57BB}
		{609BAEFE-0833-4182-B276-C65D58128EA9} = {DC066705-901F-4CC0-AE3E-1C32A3518654}
		{2F678ED0-E3E9-46DC-BDA1-6AF373FB492A} = {DC066705-901F-4CC0-AE3E-1C32A3518654}
	EndGlobalSection
	GlobalSection(ExtensibilityGlobals) = postSolution
		SolutionGuid = {09CD75E5-3CEF-4BDE-8C23-92BF7EFE679B}
	EndGlobalSection
EndGlobal
